
Microsoft Visual Studio Solution File, Format Version 12.00
# Visual Studio 15
VisualStudioVersion = 15.0.28010.2036
MinimumVisualStudioVersion = 10.0.40219.1
Project("{FAE04EC0-301F-11D3-BF4B-00C04F79EFBC}") = "SandBoxTest", "ConsoleApp1\SandBoxTest.csproj", "{C24DA9D4-DC7D-45C9-80D3-205DD2F41E31}"
EndProject
Project("{FAE04EC0-301F-11D3-BF4B-00C04F79EFBC}") = "DataAccess1", "DataAccess1\DataAccess1.csproj", "{AFB5CF7A-16C4-49F4-A665-AA53EF658A6D}"
EndProject
Project("{FAE04EC0-301F-11D3-BF4B-00C04F79EFBC}") = "Entities-POJO", "Entities-POJO\Entities-POJO.csproj", "{0DD63AB0-EC91-4F7D-ACF8-13B4DD436820}"
EndProject
Project("{F184B08F-C81C-45F6-A57F-5ABD9991F28F}") = "BasicClientCenfoBank", "BasicClientCenfoBank\BasicClientCenfoBank.vbproj", "{6EAEE895-7994-474E-A6FE-B86C69A0D555}"
EndProject
Project("{FAE04EC0-301F-11D3-BF4B-00C04F79EFBC}") = "CenfoBankUI2", "CenfoBankUI2\CenfoBankUI2.csproj", "{B7F6DF54-CB5F-4728-BD40-77EEE2E29751}"
EndProject
Project("{FAE04EC0-301F-11D3-BF4B-00C04F79EFBC}") = "CoreApi", "CoreApi\CoreApi.csproj", "{010FD7D4-62A0-4CB5-9F9D-DB18BF3352B1}"
EndProject
Project("{2150E333-8FDC-42A3-9474-1A3956D46DE8}") = "DataAccess", "DataAccess", "{A4FB592C-BD8C-4B3F-A299-B740C15DD493}"
EndProject
Project("{2150E333-8FDC-42A3-9474-1A3956D46DE8}") = "UI", "UI", "{C3E04265-DDDD-4033-983F-A9C4DB0EEEF2}"
EndProject
Project("{2150E333-8FDC-42A3-9474-1A3956D46DE8}") = "Entities", "Entities", "{EA32F448-CC52-4EE9-B557-9B7A7A766AC5}"
EndProject
Project("{2150E333-8FDC-42A3-9474-1A3956D46DE8}") = "API", "API", "{817C4521-83DB-4D35-AC68-516A35A97264}"
EndProject
Global
	GlobalSection(SolutionConfigurationPlatforms) = preSolution
		Debug|Any CPU = Debug|Any CPU
		Release|Any CPU = Release|Any CPU
	EndGlobalSection
	GlobalSection(ProjectConfigurationPlatforms) = postSolution
		{C24DA9D4-DC7D-45C9-80D3-205DD2F41E31}.Debug|Any CPU.ActiveCfg = Debug|Any CPU
		{C24DA9D4-DC7D-45C9-80D3-205DD2F41E31}.Debug|Any CPU.Build.0 = Debug|Any CPU
		{C24DA9D4-DC7D-45C9-80D3-205DD2F41E31}.Release|Any CPU.ActiveCfg = Release|Any CPU
		{C24DA9D4-DC7D-45C9-80D3-205DD2F41E31}.Release|Any CPU.Build.0 = Release|Any CPU
		{AFB5CF7A-16C4-49F4-A665-AA53EF658A6D}.Debug|Any CPU.ActiveCfg = Debug|Any CPU
		{AFB5CF7A-16C4-49F4-A665-AA53EF658A6D}.Debug|Any CPU.Build.0 = Debug|Any CPU
		{AFB5CF7A-16C4-49F4-A665-AA53EF658A6D}.Release|Any CPU.ActiveCfg = Release|Any CPU
		{AFB5CF7A-16C4-49F4-A665-AA53EF658A6D}.Release|Any CPU.Build.0 = Release|Any CPU
		{0DD63AB0-EC91-4F7D-ACF8-13B4DD436820}.Debug|Any CPU.ActiveCfg = Debug|Any CPU
		{0DD63AB0-EC91-4F7D-ACF8-13B4DD436820}.Debug|Any CPU.Build.0 = Debug|Any CPU
		{0DD63AB0-EC91-4F7D-ACF8-13B4DD436820}.Release|Any CPU.ActiveCfg = Release|Any CPU
		{0DD63AB0-EC91-4F7D-ACF8-13B4DD436820}.Release|Any CPU.Build.0 = Release|Any CPU
		{6EAEE895-7994-474E-A6FE-B86C69A0D555}.Debug|Any CPU.ActiveCfg = Debug|Any CPU
		{6EAEE895-7994-474E-A6FE-B86C69A0D555}.Debug|Any CPU.Build.0 = Debug|Any CPU
		{6EAEE895-7994-474E-A6FE-B86C69A0D555}.Release|Any CPU.ActiveCfg = Release|Any CPU
		{6EAEE895-7994-474E-A6FE-B86C69A0D555}.Release|Any CPU.Build.0 = Release|Any CPU
		{B7F6DF54-CB5F-4728-BD40-77EEE2E29751}.Debug|Any CPU.ActiveCfg = Debug|Any CPU
		{B7F6DF54-CB5F-4728-BD40-77EEE2E29751}.Debug|Any CPU.Build.0 = Debug|Any CPU
		{B7F6DF54-CB5F-4728-BD40-77EEE2E29751}.Release|Any CPU.ActiveCfg = Release|Any CPU
		{B7F6DF54-CB5F-4728-BD40-77EEE2E29751}.Release|Any CPU.Build.0 = Release|Any CPU
		{010FD7D4-62A0-4CB5-9F9D-DB18BF3352B1}.Debug|Any CPU.ActiveCfg = Debug|Any CPU
		{010FD7D4-62A0-4CB5-9F9D-DB18BF3352B1}.Debug|Any CPU.Build.0 = Debug|Any CPU
		{010FD7D4-62A0-4CB5-9F9D-DB18BF3352B1}.Release|Any CPU.ActiveCfg = Release|Any CPU
		{010FD7D4-62A0-4CB5-9F9D-DB18BF3352B1}.Release|Any CPU.Build.0 = Release|Any CPU
	EndGlobalSection
	GlobalSection(SolutionProperties) = preSolution
		HideSolutionNode = FALSE
	EndGlobalSection
	GlobalSection(NestedProjects) = preSolution
		{AFB5CF7A-16C4-49F4-A665-AA53EF658A6D} = {A4FB592C-BD8C-4B3F-A299-B740C15DD493}
		{0DD63AB0-EC91-4F7D-ACF8-13B4DD436820} = {EA32F448-CC52-4EE9-B557-9B7A7A766AC5}
		{6EAEE895-7994-474E-A6FE-B86C69A0D555} = {C3E04265-DDDD-4033-983F-A9C4DB0EEEF2}
		{B7F6DF54-CB5F-4728-BD40-77EEE2E29751} = {C3E04265-DDDD-4033-983F-A9C4DB0EEEF2}
		{010FD7D4-62A0-4CB5-9F9D-DB18BF3352B1} = {817C4521-83DB-4D35-AC68-516A35A97264}
	EndGlobalSection
	GlobalSection(ExtensibilityGlobals) = postSolution
		SolutionGuid = {DF4171A5-0A60-4DA7-B322-EF4C97E26670}
	EndGlobalSection
EndGlobal
